// !$*UTF8*$!
{
	archiveVersion = 1;
	classes = {
	};
	objectVersion = 46;
	objects = {

/* Begin PBXBuildFile section */
		710A1BD21C24A4AC00500E25 /* SideMenuViewController.swift in Sources */ = {isa = PBXBuildFile; fileRef = 710A1BD11C24A4AC00500E25 /* SideMenuViewController.swift */; };
		7118E8631C459B8100C3BFAA /* Bolts.framework in Frameworks */ = {isa = PBXBuildFile; fileRef = 7118E8611C459B8100C3BFAA /* Bolts.framework */; };
		7118E8641C459B8100C3BFAA /* Parse.framework in Frameworks */ = {isa = PBXBuildFile; fileRef = 7118E8621C459B8100C3BFAA /* Parse.framework */; };
		7118E8671C459BE500C3BFAA /* AudioToolbox.framework in Frameworks */ = {isa = PBXBuildFile; fileRef = 7118E8661C459BE500C3BFAA /* AudioToolbox.framework */; };
		7118E8691C459BED00C3BFAA /* CFNetwork.framework in Frameworks */ = {isa = PBXBuildFile; fileRef = 7118E8681C459BED00C3BFAA /* CFNetwork.framework */; };
		7118E86B1C459BF600C3BFAA /* CoreGraphics.framework in Frameworks */ = {isa = PBXBuildFile; fileRef = 7118E86A1C459BF600C3BFAA /* CoreGraphics.framework */; };
		7118E86D1C459BFD00C3BFAA /* CoreLocation.framework in Frameworks */ = {isa = PBXBuildFile; fileRef = 7118E86C1C459BFD00C3BFAA /* CoreLocation.framework */; };
		7118E86F1C459C0400C3BFAA /* QuartzCore.framework in Frameworks */ = {isa = PBXBuildFile; fileRef = 7118E86E1C459C0400C3BFAA /* QuartzCore.framework */; };
		7118E8711C459C0900C3BFAA /* Security.framework in Frameworks */ = {isa = PBXBuildFile; fileRef = 7118E8701C459C0900C3BFAA /* Security.framework */; };
		7118E8731C459C1100C3BFAA /* StoreKit.framework in Frameworks */ = {isa = PBXBuildFile; fileRef = 7118E8721C459C1100C3BFAA /* StoreKit.framework */; };
		7118E8751C459C1900C3BFAA /* SystemConfiguration.framework in Frameworks */ = {isa = PBXBuildFile; fileRef = 7118E8741C459C1900C3BFAA /* SystemConfiguration.framework */; };
		7118E8771C459C2300C3BFAA /* libz.tbd in Frameworks */ = {isa = PBXBuildFile; fileRef = 7118E8761C459C2300C3BFAA /* libz.tbd */; };
		7118E8791C459C2A00C3BFAA /* libsqlite3.tbd in Frameworks */ = {isa = PBXBuildFile; fileRef = 7118E8781C459C2A00C3BFAA /* libsqlite3.tbd */; };
		7130C51B1C18C4BC007DCDE9 /* AppDelegate.swift in Sources */ = {isa = PBXBuildFile; fileRef = 7130C51A1C18C4BC007DCDE9 /* AppDelegate.swift */; };
		7130C51D1C18C4BC007DCDE9 /* ViewController.swift in Sources */ = {isa = PBXBuildFile; fileRef = 7130C51C1C18C4BC007DCDE9 /* ViewController.swift */; };
		7130C5221C18C4BC007DCDE9 /* Assets.xcassets in Resources */ = {isa = PBXBuildFile; fileRef = 7130C5211C18C4BC007DCDE9 /* Assets.xcassets */; };
		7130C5251C18C4BC007DCDE9 /* LaunchScreen.storyboard in Resources */ = {isa = PBXBuildFile; fileRef = 7130C5231C18C4BC007DCDE9 /* LaunchScreen.storyboard */; };
		7130C52E1C18C6D6007DCDE9 /* Alamofire.framework in Frameworks */ = {isa = PBXBuildFile; fileRef = 7130C52C1C18C6D6007DCDE9 /* Alamofire.framework */; };
		7130C52F1C18C6D6007DCDE9 /* SwiftyJSON.framework in Frameworks */ = {isa = PBXBuildFile; fileRef = 7130C52D1C18C6D6007DCDE9 /* SwiftyJSON.framework */; };
		7130C5331C18C7E6007DCDE9 /* LoginViewController.swift in Sources */ = {isa = PBXBuildFile; fileRef = 7130C5321C18C7E6007DCDE9 /* LoginViewController.swift */; };
		7130C5391C198659007DCDE9 /* CustomizableTextField.swift in Sources */ = {isa = PBXBuildFile; fileRef = 7130C5381C198659007DCDE9 /* CustomizableTextField.swift */; };
		7130C53B1C199B4C007DCDE9 /* SignUpViewController.swift in Sources */ = {isa = PBXBuildFile; fileRef = 7130C53A1C199B4C007DCDE9 /* SignUpViewController.swift */; };
		7130C5401C1A056C007DCDE9 /* FamilyPlannerClient.swift in Sources */ = {isa = PBXBuildFile; fileRef = 7130C53F1C1A056C007DCDE9 /* FamilyPlannerClient.swift */; };
		7130C5431C1A1E4C007DCDE9 /* Main.storyboard in Resources */ = {isa = PBXBuildFile; fileRef = 7130C5411C1A1E4C007DCDE9 /* Main.storyboard */; };
		7130C5461C1A24ED007DCDE9 /* EZLoadingActivity.swift in Sources */ = {isa = PBXBuildFile; fileRef = 7130C5451C1A24ED007DCDE9 /* EZLoadingActivity.swift */; };
		7130C5481C20A2E1007DCDE9 /* DashboardViewController.swift in Sources */ = {isa = PBXBuildFile; fileRef = 7130C5471C20A2E1007DCDE9 /* DashboardViewController.swift */; };
		714F03651C2750EE0086AB7A /* .gitignore in Resources */ = {isa = PBXBuildFile; fileRef = 714F03641C2750EE0086AB7A /* .gitignore */; };
		714F03671C2F2F690086AB7A /* CreateGroupViewController.swift in Sources */ = {isa = PBXBuildFile; fileRef = 714F03661C2F2F690086AB7A /* CreateGroupViewController.swift */; };
		714F036A1C2F3A500086AB7A /* AlertRenderer.swift in Sources */ = {isa = PBXBuildFile; fileRef = 714F03691C2F3A500086AB7A /* AlertRenderer.swift */; };
		7170E0221C332BBE00AA968A /* TapKeyboardDismisser.swift in Sources */ = {isa = PBXBuildFile; fileRef = 7170E0211C332BBE00AA968A /* TapKeyboardDismisser.swift */; };
		7170E0291C3C5D2600AA968A /* TodoViewController.swift in Sources */ = {isa = PBXBuildFile; fileRef = 7170E0281C3C5D2600AA968A /* TodoViewController.swift */; };
		7170E02E1C3C5EC300AA968A /* CreateTodoViewController.swift in Sources */ = {isa = PBXBuildFile; fileRef = 7170E02D1C3C5EC200AA968A /* CreateTodoViewController.swift */; };
		7170E0311C3C699400AA968A /* Todo.swift in Sources */ = {isa = PBXBuildFile; fileRef = 7170E0301C3C699400AA968A /* Todo.swift */; };
		71898E001C41B3F800A83EFB /* Todos.storyboard in Resources */ = {isa = PBXBuildFile; fileRef = 71898DFE1C41B3F800A83EFB /* Todos.storyboard */; };
		71898E021C41BF1000A83EFB /* FamilyPlannerTodos.swift in Sources */ = {isa = PBXBuildFile; fileRef = 71898E011C41BF1000A83EFB /* FamilyPlannerTodos.swift */; };
		7192DB5A1C2F51190029465B /* Group.swift in Sources */ = {isa = PBXBuildFile; fileRef = 7192DB591C2F51190029465B /* Group.swift */; };
		7192DB5C1C30705B0029465B /* ManageGroupViewController.swift in Sources */ = {isa = PBXBuildFile; fileRef = 7192DB5B1C30705B0029465B /* ManageGroupViewController.swift */; };
		7192DB5F1C307AA50029465B /* ManageGroup.storyboard in Resources */ = {isa = PBXBuildFile; fileRef = 7192DB5D1C307AA50029465B /* ManageGroup.storyboard */; };
		7192DB621C316D4F0029465B /* Platform.swift in Sources */ = {isa = PBXBuildFile; fileRef = 7192DB611C316D4F0029465B /* Platform.swift */; };
		71BD1FAB1C220ACD0052A13C /* CoreDataStackManager.swift in Sources */ = {isa = PBXBuildFile; fileRef = 71BD1FAA1C220ACD0052A13C /* CoreDataStackManager.swift */; };
		71BD1FAE1C220AF50052A13C /* FamilyPlanner.xcdatamodeld in Sources */ = {isa = PBXBuildFile; fileRef = 71BD1FAC1C220AF50052A13C /* FamilyPlanner.xcdatamodeld */; };
		71BD1FB41C234F410052A13C /* SWRevealViewController.m in Sources */ = {isa = PBXBuildFile; fileRef = 71BD1FB31C234F410052A13C /* SWRevealViewController.m */; };
		71D2C0E51C41CCE30069417E /* Connection.swift in Sources */ = {isa = PBXBuildFile; fileRef = 71D2C0E41C41CCE30069417E /* Connection.swift */; };
		71D2C0E71C444E490069417E /* Message.swift in Sources */ = {isa = PBXBuildFile; fileRef = 71D2C0E61C444E490069417E /* Message.swift */; };
		71D2C0E91C4452160069417E /* FamilyPlannerMessages.swift in Sources */ = {isa = PBXBuildFile; fileRef = 71D2C0E81C4452160069417E /* FamilyPlannerMessages.swift */; };
		71D2C0EC1C4455C90069417E /* Messages.storyboard in Resources */ = {isa = PBXBuildFile; fileRef = 71D2C0EA1C4455C90069417E /* Messages.storyboard */; };
		71D2C0EF1C4456AB0069417E /* MessagesViewController.swift in Sources */ = {isa = PBXBuildFile; fileRef = 71D2C0EE1C4456AB0069417E /* MessagesViewController.swift */; };
		BF838AD54C357D2A45360CC0 /* FamilyPlannerConstants.swift in Sources */ = {isa = PBXBuildFile; fileRef = BF838483611C6BC21E99F762 /* FamilyPlannerConstants.swift */; };
		BF838CE0D0704E2ACED54F0B /* User.swift in Sources */ = {isa = PBXBuildFile; fileRef = BF8384942B60180B9563201D /* User.swift */; };
		BF838EC8C5DAE859BB192BAB /* MenuItem.swift in Sources */ = {isa = PBXBuildFile; fileRef = BF83865844D7BF7E8EE608C1 /* MenuItem.swift */; };
		BF838F978620DA17DFE16349 /* FamilyPlannerUser.swift in Sources */ = {isa = PBXBuildFile; fileRef = BF8389D7D39858C6ACCA5938 /* FamilyPlannerUser.swift */; };
/* End PBXBuildFile section */

/* Begin PBXFileReference section */
		710A1BD11C24A4AC00500E25 /* SideMenuViewController.swift */ = {isa = PBXFileReference; fileEncoding = 4; lastKnownFileType = sourcecode.swift; path = SideMenuViewController.swift; sourceTree = "<group>"; };
		7118E8611C459B8100C3BFAA /* Bolts.framework */ = {isa = PBXFileReference; lastKnownFileType = wrapper.framework; path = Bolts.framework; sourceTree = "<group>"; };
		7118E8621C459B8100C3BFAA /* Parse.framework */ = {isa = PBXFileReference; lastKnownFileType = wrapper.framework; path = Parse.framework; sourceTree = "<group>"; };
		7118E8661C459BE500C3BFAA /* AudioToolbox.framework */ = {isa = PBXFileReference; lastKnownFileType = wrapper.framework; name = AudioToolbox.framework; path = System/Library/Frameworks/AudioToolbox.framework; sourceTree = SDKROOT; };
		7118E8681C459BED00C3BFAA /* CFNetwork.framework */ = {isa = PBXFileReference; lastKnownFileType = wrapper.framework; name = CFNetwork.framework; path = System/Library/Frameworks/CFNetwork.framework; sourceTree = SDKROOT; };
		7118E86A1C459BF600C3BFAA /* CoreGraphics.framework */ = {isa = PBXFileReference; lastKnownFileType = wrapper.framework; name = CoreGraphics.framework; path = System/Library/Frameworks/CoreGraphics.framework; sourceTree = SDKROOT; };
		7118E86C1C459BFD00C3BFAA /* CoreLocation.framework */ = {isa = PBXFileReference; lastKnownFileType = wrapper.framework; name = CoreLocation.framework; path = System/Library/Frameworks/CoreLocation.framework; sourceTree = SDKROOT; };
		7118E86E1C459C0400C3BFAA /* QuartzCore.framework */ = {isa = PBXFileReference; lastKnownFileType = wrapper.framework; name = QuartzCore.framework; path = System/Library/Frameworks/QuartzCore.framework; sourceTree = SDKROOT; };
		7118E8701C459C0900C3BFAA /* Security.framework */ = {isa = PBXFileReference; lastKnownFileType = wrapper.framework; name = Security.framework; path = System/Library/Frameworks/Security.framework; sourceTree = SDKROOT; };
		7118E8721C459C1100C3BFAA /* StoreKit.framework */ = {isa = PBXFileReference; lastKnownFileType = wrapper.framework; name = StoreKit.framework; path = System/Library/Frameworks/StoreKit.framework; sourceTree = SDKROOT; };
		7118E8741C459C1900C3BFAA /* SystemConfiguration.framework */ = {isa = PBXFileReference; lastKnownFileType = wrapper.framework; name = SystemConfiguration.framework; path = System/Library/Frameworks/SystemConfiguration.framework; sourceTree = SDKROOT; };
		7118E8761C459C2300C3BFAA /* libz.tbd */ = {isa = PBXFileReference; lastKnownFileType = "sourcecode.text-based-dylib-definition"; name = libz.tbd; path = usr/lib/libz.tbd; sourceTree = SDKROOT; };
		7118E8781C459C2A00C3BFAA /* libsqlite3.tbd */ = {isa = PBXFileReference; lastKnownFileType = "sourcecode.text-based-dylib-definition"; name = libsqlite3.tbd; path = usr/lib/libsqlite3.tbd; sourceTree = SDKROOT; };
		7130C5171C18C4BC007DCDE9 /* FamilyPlanner.app */ = {isa = PBXFileReference; explicitFileType = wrapper.application; includeInIndex = 0; path = FamilyPlanner.app; sourceTree = BUILT_PRODUCTS_DIR; };
		7130C51A1C18C4BC007DCDE9 /* AppDelegate.swift */ = {isa = PBXFileReference; lastKnownFileType = sourcecode.swift; path = AppDelegate.swift; sourceTree = "<group>"; };
		7130C51C1C18C4BC007DCDE9 /* ViewController.swift */ = {isa = PBXFileReference; lastKnownFileType = sourcecode.swift; path = ViewController.swift; sourceTree = "<group>"; };
		7130C5211C18C4BC007DCDE9 /* Assets.xcassets */ = {isa = PBXFileReference; lastKnownFileType = folder.assetcatalog; path = Assets.xcassets; sourceTree = "<group>"; };
		7130C5241C18C4BC007DCDE9 /* Base */ = {isa = PBXFileReference; lastKnownFileType = file.storyboard; name = Base; path = Base.lproj/LaunchScreen.storyboard; sourceTree = "<group>"; };
		7130C5261C18C4BC007DCDE9 /* Info.plist */ = {isa = PBXFileReference; lastKnownFileType = text.plist.xml; path = Info.plist; sourceTree = "<group>"; };
		7130C52C1C18C6D6007DCDE9 /* Alamofire.framework */ = {isa = PBXFileReference; lastKnownFileType = wrapper.framework; name = Alamofire.framework; path = Carthage/Build/iOS/Alamofire.framework; sourceTree = "<group>"; };
		7130C52D1C18C6D6007DCDE9 /* SwiftyJSON.framework */ = {isa = PBXFileReference; lastKnownFileType = wrapper.framework; name = SwiftyJSON.framework; path = Carthage/Build/iOS/SwiftyJSON.framework; sourceTree = "<group>"; };
		7130C5321C18C7E6007DCDE9 /* LoginViewController.swift */ = {isa = PBXFileReference; fileEncoding = 4; lastKnownFileType = sourcecode.swift; path = LoginViewController.swift; sourceTree = "<group>"; };
		7130C5381C198659007DCDE9 /* CustomizableTextField.swift */ = {isa = PBXFileReference; fileEncoding = 4; lastKnownFileType = sourcecode.swift; path = CustomizableTextField.swift; sourceTree = "<group>"; };
		7130C53A1C199B4C007DCDE9 /* SignUpViewController.swift */ = {isa = PBXFileReference; fileEncoding = 4; lastKnownFileType = sourcecode.swift; path = SignUpViewController.swift; sourceTree = "<group>"; };
		7130C53F1C1A056C007DCDE9 /* FamilyPlannerClient.swift */ = {isa = PBXFileReference; fileEncoding = 4; lastKnownFileType = sourcecode.swift; path = FamilyPlannerClient.swift; sourceTree = "<group>"; };
		7130C5421C1A1E4C007DCDE9 /* Base */ = {isa = PBXFileReference; lastKnownFileType = file.storyboard; name = Base; path = Base.lproj/Main.storyboard; sourceTree = "<group>"; };
		7130C5451C1A24ED007DCDE9 /* EZLoadingActivity.swift */ = {isa = PBXFileReference; fileEncoding = 4; lastKnownFileType = sourcecode.swift; path = EZLoadingActivity.swift; sourceTree = "<group>"; };
		7130C5471C20A2E1007DCDE9 /* DashboardViewController.swift */ = {isa = PBXFileReference; fileEncoding = 4; lastKnownFileType = sourcecode.swift; path = DashboardViewController.swift; sourceTree = "<group>"; };
		714F03641C2750EE0086AB7A /* .gitignore */ = {isa = PBXFileReference; fileEncoding = 4; lastKnownFileType = text; path = .gitignore; sourceTree = "<group>"; };
		714F03661C2F2F690086AB7A /* CreateGroupViewController.swift */ = {isa = PBXFileReference; fileEncoding = 4; lastKnownFileType = sourcecode.swift; path = CreateGroupViewController.swift; sourceTree = "<group>"; };
		714F03691C2F3A500086AB7A /* AlertRenderer.swift */ = {isa = PBXFileReference; fileEncoding = 4; lastKnownFileType = sourcecode.swift; path = AlertRenderer.swift; sourceTree = "<group>"; };
		7170E0211C332BBE00AA968A /* TapKeyboardDismisser.swift */ = {isa = PBXFileReference; fileEncoding = 4; lastKnownFileType = sourcecode.swift; path = TapKeyboardDismisser.swift; sourceTree = "<group>"; };
		7170E0281C3C5D2600AA968A /* TodoViewController.swift */ = {isa = PBXFileReference; fileEncoding = 4; lastKnownFileType = sourcecode.swift; path = TodoViewController.swift; sourceTree = "<group>"; };
		7170E02D1C3C5EC200AA968A /* CreateTodoViewController.swift */ = {isa = PBXFileReference; fileEncoding = 4; lastKnownFileType = sourcecode.swift; path = CreateTodoViewController.swift; sourceTree = "<group>"; };
		7170E0301C3C699400AA968A /* Todo.swift */ = {isa = PBXFileReference; fileEncoding = 4; lastKnownFileType = sourcecode.swift; path = Todo.swift; sourceTree = "<group>"; };
		71898DFF1C41B3F800A83EFB /* Base */ = {isa = PBXFileReference; lastKnownFileType = file.storyboard; name = Base; path = Base.lproj/Todos.storyboard; sourceTree = "<group>"; };
		71898E011C41BF1000A83EFB /* FamilyPlannerTodos.swift */ = {isa = PBXFileReference; fileEncoding = 4; lastKnownFileType = sourcecode.swift; path = FamilyPlannerTodos.swift; sourceTree = "<group>"; };
		7192DB591C2F51190029465B /* Group.swift */ = {isa = PBXFileReference; fileEncoding = 4; lastKnownFileType = sourcecode.swift; path = Group.swift; sourceTree = "<group>"; };
		7192DB5B1C30705B0029465B /* ManageGroupViewController.swift */ = {isa = PBXFileReference; fileEncoding = 4; lastKnownFileType = sourcecode.swift; path = ManageGroupViewController.swift; sourceTree = "<group>"; };
		7192DB5E1C307AA50029465B /* Base */ = {isa = PBXFileReference; lastKnownFileType = file.storyboard; name = Base; path = Base.lproj/ManageGroup.storyboard; sourceTree = "<group>"; };
		7192DB611C316D4F0029465B /* Platform.swift */ = {isa = PBXFileReference; fileEncoding = 4; lastKnownFileType = sourcecode.swift; path = Platform.swift; sourceTree = "<group>"; };
		71BD1FAA1C220ACD0052A13C /* CoreDataStackManager.swift */ = {isa = PBXFileReference; fileEncoding = 4; lastKnownFileType = sourcecode.swift; path = CoreDataStackManager.swift; sourceTree = "<group>"; };
		71BD1FAD1C220AF50052A13C /* FamilyPlanner.xcdatamodel */ = {isa = PBXFileReference; lastKnownFileType = wrapper.xcdatamodel; path = FamilyPlanner.xcdatamodel; sourceTree = "<group>"; };
		71BD1FB11C234F410052A13C /* FamilyPlanner-Bridging-Header.h */ = {isa = PBXFileReference; lastKnownFileType = sourcecode.c.h; path = "FamilyPlanner-Bridging-Header.h"; sourceTree = "<group>"; };
		71BD1FB21C234F410052A13C /* SWRevealViewController.h */ = {isa = PBXFileReference; fileEncoding = 4; lastKnownFileType = sourcecode.c.h; path = SWRevealViewController.h; sourceTree = "<group>"; };
		71BD1FB31C234F410052A13C /* SWRevealViewController.m */ = {isa = PBXFileReference; fileEncoding = 4; lastKnownFileType = sourcecode.c.objc; path = SWRevealViewController.m; sourceTree = "<group>"; };
		71D2C0E41C41CCE30069417E /* Connection.swift */ = {isa = PBXFileReference; fileEncoding = 4; lastKnownFileType = sourcecode.swift; path = Connection.swift; sourceTree = "<group>"; };
		71D2C0E61C444E490069417E /* Message.swift */ = {isa = PBXFileReference; fileEncoding = 4; lastKnownFileType = sourcecode.swift; path = Message.swift; sourceTree = "<group>"; };
		71D2C0E81C4452160069417E /* FamilyPlannerMessages.swift */ = {isa = PBXFileReference; fileEncoding = 4; lastKnownFileType = sourcecode.swift; path = FamilyPlannerMessages.swift; sourceTree = "<group>"; };
		71D2C0EB1C4455C90069417E /* Base */ = {isa = PBXFileReference; lastKnownFileType = file.storyboard; name = Base; path = Base.lproj/Messages.storyboard; sourceTree = "<group>"; };
		71D2C0EE1C4456AB0069417E /* MessagesViewController.swift */ = {isa = PBXFileReference; fileEncoding = 4; lastKnownFileType = sourcecode.swift; path = MessagesViewController.swift; sourceTree = "<group>"; };
		BF838483611C6BC21E99F762 /* FamilyPlannerConstants.swift */ = {isa = PBXFileReference; fileEncoding = 4; lastKnownFileType = sourcecode.swift; path = FamilyPlannerConstants.swift; sourceTree = "<group>"; };
		BF8384942B60180B9563201D /* User.swift */ = {isa = PBXFileReference; fileEncoding = 4; lastKnownFileType = sourcecode.swift; path = User.swift; sourceTree = "<group>"; };
		BF83865844D7BF7E8EE608C1 /* MenuItem.swift */ = {isa = PBXFileReference; fileEncoding = 4; lastKnownFileType = sourcecode.swift; path = MenuItem.swift; sourceTree = "<group>"; };
		BF8389D7D39858C6ACCA5938 /* FamilyPlannerUser.swift */ = {isa = PBXFileReference; fileEncoding = 4; lastKnownFileType = sourcecode.swift; path = FamilyPlannerUser.swift; sourceTree = "<group>"; };
/* End PBXFileReference section */

/* Begin PBXFrameworksBuildPhase section */
		7130C5141C18C4BC007DCDE9 /* Frameworks */ = {
			isa = PBXFrameworksBuildPhase;
			buildActionMask = 2147483647;
			files = (
				7118E8791C459C2A00C3BFAA /* libsqlite3.tbd in Frameworks */,
				7118E8771C459C2300C3BFAA /* libz.tbd in Frameworks */,
				7118E8751C459C1900C3BFAA /* SystemConfiguration.framework in Frameworks */,
				7118E8731C459C1100C3BFAA /* StoreKit.framework in Frameworks */,
				7118E8711C459C0900C3BFAA /* Security.framework in Frameworks */,
				7118E86F1C459C0400C3BFAA /* QuartzCore.framework in Frameworks */,
				7118E86D1C459BFD00C3BFAA /* CoreLocation.framework in Frameworks */,
				7118E86B1C459BF600C3BFAA /* CoreGraphics.framework in Frameworks */,
				7118E8691C459BED00C3BFAA /* CFNetwork.framework in Frameworks */,
				7118E8671C459BE500C3BFAA /* AudioToolbox.framework in Frameworks */,
				7118E8631C459B8100C3BFAA /* Bolts.framework in Frameworks */,
				7130C52E1C18C6D6007DCDE9 /* Alamofire.framework in Frameworks */,
				7118E8641C459B8100C3BFAA /* Parse.framework in Frameworks */,
				7130C52F1C18C6D6007DCDE9 /* SwiftyJSON.framework in Frameworks */,
			);
			runOnlyForDeploymentPostprocessing = 0;
		};
/* End PBXFrameworksBuildPhase section */

/* Begin PBXGroup section */
		710A1BD01C24977700500E25 /* Storyboards */ = {
			isa = PBXGroup;
			children = (
				71898DFE1C41B3F800A83EFB /* Todos.storyboard */,
				7130C5231C18C4BC007DCDE9 /* LaunchScreen.storyboard */,
				7130C5411C1A1E4C007DCDE9 /* Main.storyboard */,
				71D2C0EA1C4455C90069417E /* Messages.storyboard */,
				7192DB5D1C307AA50029465B /* ManageGroup.storyboard */,
			);
			name = Storyboards;
			sourceTree = "<group>";
		};
		7118E8651C459BB100C3BFAA /* Frameworks */ = {
			isa = PBXGroup;
			children = (
				7118E8781C459C2A00C3BFAA /* libsqlite3.tbd */,
				7118E8761C459C2300C3BFAA /* libz.tbd */,
				7118E8741C459C1900C3BFAA /* SystemConfiguration.framework */,
				7118E8721C459C1100C3BFAA /* StoreKit.framework */,
				7118E8701C459C0900C3BFAA /* Security.framework */,
				7118E86E1C459C0400C3BFAA /* QuartzCore.framework */,
				7118E86C1C459BFD00C3BFAA /* CoreLocation.framework */,
				7118E86A1C459BF600C3BFAA /* CoreGraphics.framework */,
				7118E8681C459BED00C3BFAA /* CFNetwork.framework */,
				7118E8661C459BE500C3BFAA /* AudioToolbox.framework */,
				7118E8611C459B8100C3BFAA /* Bolts.framework */,
				7118E8621C459B8100C3BFAA /* Parse.framework */,
				7130C52C1C18C6D6007DCDE9 /* Alamofire.framework */,
				7130C52D1C18C6D6007DCDE9 /* SwiftyJSON.framework */,
			);
			name = Frameworks;
			sourceTree = "<group>";
		};
		7130C50E1C18C4BC007DCDE9 = {
			isa = PBXGroup;
			children = (
				7118E8651C459BB100C3BFAA /* Frameworks */,
				714F03641C2750EE0086AB7A /* .gitignore */,
				7130C5191C18C4BC007DCDE9 /* FamilyPlanner */,
				7130C5181C18C4BC007DCDE9 /* Products */,
			);
			sourceTree = "<group>";
		};
		7130C5181C18C4BC007DCDE9 /* Products */ = {
			isa = PBXGroup;
			children = (
				7130C5171C18C4BC007DCDE9 /* FamilyPlanner.app */,
			);
			name = Products;
			sourceTree = "<group>";
		};
		7130C5191C18C4BC007DCDE9 /* FamilyPlanner */ = {
			isa = PBXGroup;
			children = (
				7192DB601C316D410029465B /* Util */,
				714F03681C2F3A380086AB7A /* Protocols */,
				710A1BD01C24977700500E25 /* Storyboards */,
				7130C5441C1A24DA007DCDE9 /* Vendor */,
				7130C5351C18CB04007DCDE9 /* Views */,
				7130C5341C18C7F2007DCDE9 /* Models */,
				7130C5311C18C7C8007DCDE9 /* Controllers */,
				7130C51A1C18C4BC007DCDE9 /* AppDelegate.swift */,
				7130C51C1C18C4BC007DCDE9 /* ViewController.swift */,
				7130C5211C18C4BC007DCDE9 /* Assets.xcassets */,
				7130C5261C18C4BC007DCDE9 /* Info.plist */,
				71BD1FAA1C220ACD0052A13C /* CoreDataStackManager.swift */,
				71BD1FAC1C220AF50052A13C /* FamilyPlanner.xcdatamodeld */,
			);
			path = FamilyPlanner;
			sourceTree = "<group>";
		};
		7130C5311C18C7C8007DCDE9 /* Controllers */ = {
			isa = PBXGroup;
			children = (
				71D2C0ED1C4456880069417E /* Messages */,
				7170E02C1C3C5EAB00AA968A /* Todo */,
				7170E02B1C3C5E9B00AA968A /* Group */,
				7170E02A1C3C5E8D00AA968A /* Account */,
				7130C5471C20A2E1007DCDE9 /* DashboardViewController.swift */,
				710A1BD11C24A4AC00500E25 /* SideMenuViewController.swift */,
			);
			name = Controllers;
			sourceTree = "<group>";
		};
		7130C5341C18C7F2007DCDE9 /* Models */ = {
			isa = PBXGroup;
			children = (
				7130C53E1C1A0549007DCDE9 /* FamilyPlannerApi */,
				BF8384942B60180B9563201D /* User.swift */,
				7192DB591C2F51190029465B /* Group.swift */,
				BF83865844D7BF7E8EE608C1 /* MenuItem.swift */,
				7170E0301C3C699400AA968A /* Todo.swift */,
				71D2C0E61C444E490069417E /* Message.swift */,
			);
			name = Models;
			sourceTree = "<group>";
		};
		7130C5351C18CB04007DCDE9 /* Views */ = {
			isa = PBXGroup;
			children = (
				7130C5381C198659007DCDE9 /* CustomizableTextField.swift */,
			);
			name = Views;
			sourceTree = "<group>";
		};
		7130C53E1C1A0549007DCDE9 /* FamilyPlannerApi */ = {
			isa = PBXGroup;
			children = (
				7130C53F1C1A056C007DCDE9 /* FamilyPlannerClient.swift */,
				BF838483611C6BC21E99F762 /* FamilyPlannerConstants.swift */,
				BF8389D7D39858C6ACCA5938 /* FamilyPlannerUser.swift */,
				71898E011C41BF1000A83EFB /* FamilyPlannerTodos.swift */,
				71D2C0E81C4452160069417E /* FamilyPlannerMessages.swift */,
			);
			name = FamilyPlannerApi;
			sourceTree = "<group>";
		};
		7130C5441C1A24DA007DCDE9 /* Vendor */ = {
			isa = PBXGroup;
			children = (
				71BD1FB21C234F410052A13C /* SWRevealViewController.h */,
				71BD1FB31C234F410052A13C /* SWRevealViewController.m */,
				7130C5451C1A24ED007DCDE9 /* EZLoadingActivity.swift */,
				71BD1FB11C234F410052A13C /* FamilyPlanner-Bridging-Header.h */,
			);
			name = Vendor;
			sourceTree = "<group>";
		};
		714F03681C2F3A380086AB7A /* Protocols */ = {
			isa = PBXGroup;
			children = (
				714F03691C2F3A500086AB7A /* AlertRenderer.swift */,
				7170E0211C332BBE00AA968A /* TapKeyboardDismisser.swift */,
			);
			name = Protocols;
			sourceTree = "<group>";
		};
		7170E02A1C3C5E8D00AA968A /* Account */ = {
			isa = PBXGroup;
			children = (
				7130C5321C18C7E6007DCDE9 /* LoginViewController.swift */,
				7130C53A1C199B4C007DCDE9 /* SignUpViewController.swift */,
			);
			name = Account;
			sourceTree = "<group>";
		};
		7170E02B1C3C5E9B00AA968A /* Group */ = {
			isa = PBXGroup;
			children = (
				714F03661C2F2F690086AB7A /* CreateGroupViewController.swift */,
				7192DB5B1C30705B0029465B /* ManageGroupViewController.swift */,
			);
			name = Group;
			sourceTree = "<group>";
		};
		7170E02C1C3C5EAB00AA968A /* Todo */ = {
			isa = PBXGroup;
			children = (
				7170E0281C3C5D2600AA968A /* TodoViewController.swift */,
				7170E02D1C3C5EC200AA968A /* CreateTodoViewController.swift */,
			);
			name = Todo;
			sourceTree = "<group>";
		};
		7192DB601C316D410029465B /* Util */ = {
			isa = PBXGroup;
			children = (
				7192DB611C316D4F0029465B /* Platform.swift */,
				71D2C0E41C41CCE30069417E /* Connection.swift */,
			);
			name = Util;
			sourceTree = "<group>";
		};
		71D2C0ED1C4456880069417E /* Messages */ = {
			isa = PBXGroup;
			children = (
				71D2C0EE1C4456AB0069417E /* MessagesViewController.swift */,
			);
			name = Messages;
			sourceTree = "<group>";
		};
/* End PBXGroup section */

/* Begin PBXNativeTarget section */
		7130C5161C18C4BC007DCDE9 /* FamilyPlanner */ = {
			isa = PBXNativeTarget;
			buildConfigurationList = 7130C5291C18C4BC007DCDE9 /* Build configuration list for PBXNativeTarget "FamilyPlanner" */;
			buildPhases = (
				7130C5131C18C4BC007DCDE9 /* Sources */,
				7130C5141C18C4BC007DCDE9 /* Frameworks */,
				7130C5151C18C4BC007DCDE9 /* Resources */,
				7130C5301C18C701007DCDE9 /* ShellScript */,
			);
			buildRules = (
			);
			dependencies = (
			);
			name = FamilyPlanner;
			productName = FamilyPlanner;
			productReference = 7130C5171C18C4BC007DCDE9 /* FamilyPlanner.app */;
			productType = "com.apple.product-type.application";
		};
/* End PBXNativeTarget section */

/* Begin PBXProject section */
		7130C50F1C18C4BC007DCDE9 /* Project object */ = {
			isa = PBXProject;
			attributes = {
				LastSwiftUpdateCheck = 0710;
				LastUpgradeCheck = 0710;
				ORGANIZATIONNAME = "Julia Will";
				TargetAttributes = {
					7130C5161C18C4BC007DCDE9 = {
						CreatedOnToolsVersion = 7.1.1;
						DevelopmentTeam = X9PWJN7DYN;
					};
				};
			};
			buildConfigurationList = 7130C5121C18C4BC007DCDE9 /* Build configuration list for PBXProject "FamilyPlanner" */;
			compatibilityVersion = "Xcode 3.2";
			developmentRegion = English;
			hasScannedForEncodings = 0;
			knownRegions = (
				en,
				Base,
			);
			mainGroup = 7130C50E1C18C4BC007DCDE9;
			productRefGroup = 7130C5181C18C4BC007DCDE9 /* Products */;
			projectDirPath = "";
			projectRoot = "";
			targets = (
				7130C5161C18C4BC007DCDE9 /* FamilyPlanner */,
			);
		};
/* End PBXProject section */

/* Begin PBXResourcesBuildPhase section */
		7130C5151C18C4BC007DCDE9 /* Resources */ = {
			isa = PBXResourcesBuildPhase;
			buildActionMask = 2147483647;
			files = (
				7192DB5F1C307AA50029465B /* ManageGroup.storyboard in Resources */,
				714F03651C2750EE0086AB7A /* .gitignore in Resources */,
				71898E001C41B3F800A83EFB /* Todos.storyboard in Resources */,
				7130C5431C1A1E4C007DCDE9 /* Main.storyboard in Resources */,
				71D2C0EC1C4455C90069417E /* Messages.storyboard in Resources */,
				7130C5251C18C4BC007DCDE9 /* LaunchScreen.storyboard in Resources */,
				7130C5221C18C4BC007DCDE9 /* Assets.xcassets in Resources */,
			);
			runOnlyForDeploymentPostprocessing = 0;
		};
/* End PBXResourcesBuildPhase section */

/* Begin PBXShellScriptBuildPhase section */
		7130C5301C18C701007DCDE9 /* ShellScript */ = {
			isa = PBXShellScriptBuildPhase;
			buildActionMask = 2147483647;
			files = (
			);
			inputPaths = (
				"$(SRCROOT)/Carthage/Build/iOS/Alamofire.framework",
				"$(SRCROOT)/Carthage/Build/iOS/SwiftyJSON.framework",
			);
			outputPaths = (
			);
			runOnlyForDeploymentPostprocessing = 0;
			shellPath = /bin/sh;
			shellScript = "/usr/local/bin/carthage copy-frameworks";
		};
/* End PBXShellScriptBuildPhase section */

/* Begin PBXSourcesBuildPhase section */
		7130C5131C18C4BC007DCDE9 /* Sources */ = {
			isa = PBXSourcesBuildPhase;
			buildActionMask = 2147483647;
			files = (
				71D2C0EF1C4456AB0069417E /* MessagesViewController.swift in Sources */,
				710A1BD21C24A4AC00500E25 /* SideMenuViewController.swift in Sources */,
				7130C5331C18C7E6007DCDE9 /* LoginViewController.swift in Sources */,
				7130C5461C1A24ED007DCDE9 /* EZLoadingActivity.swift in Sources */,
				7170E02E1C3C5EC300AA968A /* CreateTodoViewController.swift in Sources */,
				71BD1FB41C234F410052A13C /* SWRevealViewController.m in Sources */,
				714F036A1C2F3A500086AB7A /* AlertRenderer.swift in Sources */,
				7130C5401C1A056C007DCDE9 /* FamilyPlannerClient.swift in Sources */,
				7130C5391C198659007DCDE9 /* CustomizableTextField.swift in Sources */,
				7130C51D1C18C4BC007DCDE9 /* ViewController.swift in Sources */,
				71BD1FAB1C220ACD0052A13C /* CoreDataStackManager.swift in Sources */,
				7192DB5A1C2F51190029465B /* Group.swift in Sources */,
				7170E0311C3C699400AA968A /* Todo.swift in Sources */,
				7192DB621C316D4F0029465B /* Platform.swift in Sources */,
				71D2C0E71C444E490069417E /* Message.swift in Sources */,
				7130C51B1C18C4BC007DCDE9 /* AppDelegate.swift in Sources */,
				7130C53B1C199B4C007DCDE9 /* SignUpViewController.swift in Sources */,
				714F03671C2F2F690086AB7A /* CreateGroupViewController.swift in Sources */,
				BF838AD54C357D2A45360CC0 /* FamilyPlannerConstants.swift in Sources */,
				71898E021C41BF1000A83EFB /* FamilyPlannerTodos.swift in Sources */,
				7170E0291C3C5D2600AA968A /* TodoViewController.swift in Sources */,
				71D2C0E51C41CCE30069417E /* Connection.swift in Sources */,
				7130C5481C20A2E1007DCDE9 /* DashboardViewController.swift in Sources */,
				BF838F978620DA17DFE16349 /* FamilyPlannerUser.swift in Sources */,
				71BD1FAE1C220AF50052A13C /* FamilyPlanner.xcdatamodeld in Sources */,
				7170E0221C332BBE00AA968A /* TapKeyboardDismisser.swift in Sources */,
				BF838CE0D0704E2ACED54F0B /* User.swift in Sources */,
				71D2C0E91C4452160069417E /* FamilyPlannerMessages.swift in Sources */,
				7192DB5C1C30705B0029465B /* ManageGroupViewController.swift in Sources */,
				BF838EC8C5DAE859BB192BAB /* MenuItem.swift in Sources */,
			);
			runOnlyForDeploymentPostprocessing = 0;
		};
/* End PBXSourcesBuildPhase section */

/* Begin PBXVariantGroup section */
		7130C5231C18C4BC007DCDE9 /* LaunchScreen.storyboard */ = {
			isa = PBXVariantGroup;
			children = (
				7130C5241C18C4BC007DCDE9 /* Base */,
			);
			name = LaunchScreen.storyboard;
			sourceTree = "<group>";
		};
		7130C5411C1A1E4C007DCDE9 /* Main.storyboard */ = {
			isa = PBXVariantGroup;
			children = (
				7130C5421C1A1E4C007DCDE9 /* Base */,
			);
			name = Main.storyboard;
			sourceTree = "<group>";
		};
		71898DFE1C41B3F800A83EFB /* Todos.storyboard */ = {
			isa = PBXVariantGroup;
			children = (
				71898DFF1C41B3F800A83EFB /* Base */,
			);
			name = Todos.storyboard;
			sourceTree = "<group>";
		};
		7192DB5D1C307AA50029465B /* ManageGroup.storyboard */ = {
			isa = PBXVariantGroup;
			children = (
				7192DB5E1C307AA50029465B /* Base */,
			);
			name = ManageGroup.storyboard;
			sourceTree = "<group>";
		};
		71D2C0EA1C4455C90069417E /* Messages.storyboard */ = {
			isa = PBXVariantGroup;
			children = (
				71D2C0EB1C4455C90069417E /* Base */,
			);
			name = Messages.storyboard;
			sourceTree = "<group>";
		};
/* End PBXVariantGroup section */

/* Begin XCBuildConfiguration section */
		7130C5271C18C4BC007DCDE9 /* Debug */ = {
			isa = XCBuildConfiguration;
			buildSettings = {
				ALWAYS_SEARCH_USER_PATHS = NO;
				CLANG_CXX_LANGUAGE_STANDARD = "gnu++0x";
				CLANG_CXX_LIBRARY = "libc++";
				CLANG_ENABLE_MODULES = YES;
				CLANG_ENABLE_OBJC_ARC = YES;
				CLANG_WARN_BOOL_CONVERSION = YES;
				CLANG_WARN_CONSTANT_CONVERSION = YES;
				CLANG_WARN_DIRECT_OBJC_ISA_USAGE = YES_ERROR;
				CLANG_WARN_EMPTY_BODY = YES;
				CLANG_WARN_ENUM_CONVERSION = YES;
				CLANG_WARN_INT_CONVERSION = YES;
				CLANG_WARN_OBJC_ROOT_CLASS = YES_ERROR;
				CLANG_WARN_UNREACHABLE_CODE = YES;
				CLANG_WARN__DUPLICATE_METHOD_MATCH = YES;
				"CODE_SIGN_IDENTITY[sdk=iphoneos*]" = "iPhone Developer";
				COPY_PHASE_STRIP = NO;
				DEBUG_INFORMATION_FORMAT = dwarf;
				ENABLE_STRICT_OBJC_MSGSEND = YES;
				ENABLE_TESTABILITY = YES;
				GCC_C_LANGUAGE_STANDARD = gnu99;
				GCC_DYNAMIC_NO_PIC = NO;
				GCC_NO_COMMON_BLOCKS = YES;
				GCC_OPTIMIZATION_LEVEL = 0;
				GCC_PREPROCESSOR_DEFINITIONS = (
					"DEBUG=1",
					"$(inherited)",
				);
				GCC_WARN_64_TO_32_BIT_CONVERSION = YES;
				GCC_WARN_ABOUT_RETURN_TYPE = YES_ERROR;
				GCC_WARN_UNDECLARED_SELECTOR = YES;
				GCC_WARN_UNINITIALIZED_AUTOS = YES_AGGRESSIVE;
				GCC_WARN_UNUSED_FUNCTION = YES;
				GCC_WARN_UNUSED_VARIABLE = YES;
				IPHONEOS_DEPLOYMENT_TARGET = 9.1;
				MTL_ENABLE_DEBUG_INFO = YES;
				ONLY_ACTIVE_ARCH = YES;
				SDKROOT = iphoneos;
				SWIFT_OPTIMIZATION_LEVEL = "-Onone";
			};
			name = Debug;
		};
		7130C5281C18C4BC007DCDE9 /* Release */ = {
			isa = XCBuildConfiguration;
			buildSettings = {
				ALWAYS_SEARCH_USER_PATHS = NO;
				CLANG_CXX_LANGUAGE_STANDARD = "gnu++0x";
				CLANG_CXX_LIBRARY = "libc++";
				CLANG_ENABLE_MODULES = YES;
				CLANG_ENABLE_OBJC_ARC = YES;
				CLANG_WARN_BOOL_CONVERSION = YES;
				CLANG_WARN_CONSTANT_CONVERSION = YES;
				CLANG_WARN_DIRECT_OBJC_ISA_USAGE = YES_ERROR;
				CLANG_WARN_EMPTY_BODY = YES;
				CLANG_WARN_ENUM_CONVERSION = YES;
				CLANG_WARN_INT_CONVERSION = YES;
				CLANG_WARN_OBJC_ROOT_CLASS = YES_ERROR;
				CLANG_WARN_UNREACHABLE_CODE = YES;
				CLANG_WARN__DUPLICATE_METHOD_MATCH = YES;
				"CODE_SIGN_IDENTITY[sdk=iphoneos*]" = "iPhone Developer";
				COPY_PHASE_STRIP = NO;
				DEBUG_INFORMATION_FORMAT = "dwarf-with-dsym";
				ENABLE_NS_ASSERTIONS = NO;
				ENABLE_STRICT_OBJC_MSGSEND = YES;
				GCC_C_LANGUAGE_STANDARD = gnu99;
				GCC_NO_COMMON_BLOCKS = YES;
				GCC_WARN_64_TO_32_BIT_CONVERSION = YES;
				GCC_WARN_ABOUT_RETURN_TYPE = YES_ERROR;
				GCC_WARN_UNDECLARED_SELECTOR = YES;
				GCC_WARN_UNINITIALIZED_AUTOS = YES_AGGRESSIVE;
				GCC_WARN_UNUSED_FUNCTION = YES;
				GCC_WARN_UNUSED_VARIABLE = YES;
				IPHONEOS_DEPLOYMENT_TARGET = 9.1;
				MTL_ENABLE_DEBUG_INFO = NO;
				SDKROOT = iphoneos;
				VALIDATE_PRODUCT = YES;
			};
			name = Release;
		};
		7130C52A1C18C4BC007DCDE9 /* Debug */ = {
			isa = XCBuildConfiguration;
			buildSettings = {
				ASSETCATALOG_COMPILER_APPICON_NAME = AppIcon;
				CLANG_ENABLE_MODULES = YES;
				CODE_SIGN_IDENTITY = "iPhone Developer";
				"CODE_SIGN_IDENTITY[sdk=iphoneos*]" = "iPhone Developer";
				FRAMEWORK_SEARCH_PATHS = (
					"$(inherited)",
					"$(PROJECT_DIR)/Carthage/Build/iOS",
					"$(PROJECT_DIR)",
				);
				INFOPLIST_FILE = FamilyPlanner/Info.plist;
				LD_RUNPATH_SEARCH_PATHS = "$(inherited) @executable_path/Frameworks";
				PRODUCT_BUNDLE_IDENTIFIER = com.juliawill.FamilyPlanner;
				PRODUCT_NAME = "$(TARGET_NAME)";
				PROVISIONING_PROFILE = "";
				SWIFT_OBJC_BRIDGING_HEADER = "FamilyPlanner/FamilyPlanner-Bridging-Header.h";
				SWIFT_OPTIMIZATION_LEVEL = "-Onone";
			};
			name = Debug;
		};
		7130C52B1C18C4BC007DCDE9 /* Release */ = {
			isa = XCBuildConfiguration;
			buildSettings = {
				ASSETCATALOG_COMPILER_APPICON_NAME = AppIcon;
				CLANG_ENABLE_MODULES = YES;
				CODE_SIGN_IDENTITY = "iPhone Developer";
				"CODE_SIGN_IDENTITY[sdk=iphoneos*]" = "iPhone Developer";
				FRAMEWORK_SEARCH_PATHS = (
					"$(inherited)",
					"$(PROJECT_DIR)/Carthage/Build/iOS",
					"$(PROJECT_DIR)",
				);
				INFOPLIST_FILE = FamilyPlanner/Info.plist;
				LD_RUNPATH_SEARCH_PATHS = "$(inherited) @executable_path/Frameworks";
				PRODUCT_BUNDLE_IDENTIFIER = com.juliawill.FamilyPlanner;
				PRODUCT_NAME = "$(TARGET_NAME)";
				PROVISIONING_PROFILE = "";
				SWIFT_OBJC_BRIDGING_HEADER = "FamilyPlanner/FamilyPlanner-Bridging-Header.h";
			};
			name = Release;
		};
/* End XCBuildConfiguration section */

/* Begin XCConfigurationList section */
		7130C5121C18C4BC007DCDE9 /* Build configuration list for PBXProject "FamilyPlanner" */ = {
			isa = XCConfigurationList;
			buildConfigurations = (
				7130C5271C18C4BC007DCDE9 /* Debug */,
				7130C5281C18C4BC007DCDE9 /* Release */,
			);
			defaultConfigurationIsVisible = 0;
			defaultConfigurationName = Release;
		};
		7130C5291C18C4BC007DCDE9 /* Build configuration list for PBXNativeTarget "FamilyPlanner" */ = {
			isa = XCConfigurationList;
			buildConfigurations = (
				7130C52A1C18C4BC007DCDE9 /* Debug */,
				7130C52B1C18C4BC007DCDE9 /* Release */,
			);
			defaultConfigurationIsVisible = 0;
			defaultConfigurationName = Release;
		};
/* End XCConfigurationList section */

/* Begin XCVersionGroup section */
		71BD1FAC1C220AF50052A13C /* FamilyPlanner.xcdatamodeld */ = {
			isa = XCVersionGroup;
			children = (
				71BD1FAD1C220AF50052A13C /* FamilyPlanner.xcdatamodel */,
			);
			currentVersion = 71BD1FAD1C220AF50052A13C /* FamilyPlanner.xcdatamodel */;
			path = FamilyPlanner.xcdatamodeld;
			sourceTree = "<group>";
			versionGroupType = wrapper.xcdatamodel;
		};
/* End XCVersionGroup section */
	};
	rootObject = 7130C50F1C18C4BC007DCDE9 /* Project object */;
}
